
Microsoft Visual Studio Solution File, Format Version 12.00
# Visual Studio 15
VisualStudioVersion = 15.0.28307.902
MinimumVisualStudioVersion = 10.0.40219.1
Project("{FAE04EC0-301F-11D3-BF4B-00C04F79EFBC}") = "WebApplicationTest", "WebApplicationTest\WebApplicationTest.csproj", "{6C20D5A5-1C69-4B6C-BC3B-D6093230D282}"
EndProject
Project("{FAE04EC0-301F-11D3-BF4B-00C04F79EFBC}") = "WebApplicationTest.Tests", "WebApplicationTest.Tests\WebApplicationTest.Tests.csproj", "{B5BC500A-1685-4A72-BE13-9927E8A82D65}"
EndProject
Global
	GlobalSection(SolutionConfigurationPlatforms) = preSolution
		Debug|Any CPU = Debug|Any CPU
		Release|Any CPU = Release|Any CPU
	EndGlobalSection
	GlobalSection(ProjectConfigurationPlatforms) = postSolution
		{6C20D5A5-1C69-4B6C-BC3B-D6093230D282}.Debug|Any CPU.ActiveCfg = Debug|Any CPU
		{6C20D5A5-1C69-4B6C-BC3B-D6093230D282}.Debug|Any CPU.Build.0 = Debug|Any CPU
		{6C20D5A5-1C69-4B6C-BC3B-D6093230D282}.Release|Any CPU.ActiveCfg = Release|Any CPU
		{6C20D5A5-1C69-4B6C-BC3B-D6093230D282}.Release|Any CPU.Build.0 = Release|Any CPU
		{B5BC500A-1685-4A72-BE13-9927E8A82D65}.Debug|Any CPU.ActiveCfg = Debug|Any CPU
		{B5BC500A-1685-4A72-BE13-9927E8A82D65}.Debug|Any CPU.Build.0 = Debug|Any CPU
		{B5BC500A-1685-4A72-BE13-9927E8A82D65}.Release|Any CPU.ActiveCfg = Release|Any CPU
		{B5BC500A-1685-4A72-BE13-9927E8A82D65}.Release|Any CPU.Build.0 = Release|Any CPU
	EndGlobalSection
	GlobalSection(SolutionProperties) = preSolution
		HideSolutionNode = FALSE
	EndGlobalSection
	GlobalSection(ExtensibilityGlobals) = postSolution
		SolutionGuid = {3EDFE6DA-4D01-42FB-9F13-1F9D6F49748C}
	EndGlobalSection
EndGlobal
